
Microsoft Visual Studio Solution File, Format Version 12.00
# Visual Studio Version 17
VisualStudioVersion = 17.0.31903.59
MinimumVisualStudioVersion = 10.0.40219.1
Project("{2150E333-8FDC-42A3-9474-1A3956D46DE8}") = "src", "src", "{827E0CD3-B72D-47B6-A68D-7590B98EB39B}"
EndProject
Project("{FAE04EC0-301F-11D3-BF4B-00C04F79EFBC}") = "Hiram.Domain", "src\Hiram.Domain\Hiram.Domain.csproj", "{8A956BE9-4720-4AB2-97D5-4EAF32CA3353}"
EndProject
Project("{FAE04EC0-301F-11D3-BF4B-00C04F79EFBC}") = "Hiram.Application", "src\Hiram.Application\Hiram.Application.csproj", "{D21DCC2C-6F5A-4391-8543-6BFAE6666B92}"
EndProject
Project("{FAE04EC0-301F-11D3-BF4B-00C04F79EFBC}") = "Hiram.Infrastructure", "src\Hiram.Infrastructure\Hiram.Infrastructure.csproj", "{793ABC7E-904F-486F-9185-3061A480F192}"
EndProject
Project("{FAE04EC0-301F-11D3-BF4B-00C04F79EFBC}") = "Hiram.Contracts", "src\Hiram.Contracts\Hiram.Contracts.csproj", "{B6317469-6D35-4360-ABA3-924E8C5E1210}"
EndProject
Project("{FAE04EC0-301F-11D3-BF4B-00C04F79EFBC}") = "Hiram.Api", "src\Hiram.Api\Hiram.Api.csproj", "{5D8B6A0B-789B-47AE-943D-83665B0F6F16}"
EndProject
Project("{FAE04EC0-301F-11D3-BF4B-00C04F79EFBC}") = "Hiram.Dispatcher", "src\Hiram.Dispatcher\Hiram.Dispatcher.csproj", "{4A9F6450-0785-4291-8E61-83CA82652CDA}"
EndProject
Project("{2150E333-8FDC-42A3-9474-1A3956D46DE8}") = "tests", "tests", "{0AB3BF05-4346-4AA6-1389-037BE0695223}"
EndProject
Project("{FAE04EC0-301F-11D3-BF4B-00C04F79EFBC}") = "Hiram.UnitTests", "tests\Hiram.UnitTests\Hiram.UnitTests.csproj", "{2EA9EEF5-E297-4379-9964-A258F2EE2076}"
EndProject
Project("{FAE04EC0-301F-11D3-BF4B-00C04F79EFBC}") = "Hiram.IntegrationTests", "tests\Hiram.IntegrationTests\Hiram.IntegrationTests.csproj", "{F9BA9F33-0F57-4E06-975F-71A4C5C4BF9D}"
EndProject
Project("{FAE04EC0-301F-11D3-BF4B-00C04F79EFBC}") = "Hiram.DataProtectionProbe", "tests\Hiram.DataProtectionProbe\Hiram.DataProtectionProbe.csproj", "{92D196F3-DA33-4FAB-AE14-C2A9B3840BEA}"
EndProject
Project("{FAE04EC0-301F-11D3-BF4B-00C04F79EFBC}") = "Hiram.ArchitectureTests", "tests\Hiram.ArchitectureTests\Hiram.ArchitectureTests.csproj", "{F8DDC379-C8ED-492F-96A0-FC4F1B2A643C}"
EndProject
Global
	GlobalSection(SolutionConfigurationPlatforms) = preSolution
		Debug|Any CPU = Debug|Any CPU
		Debug|x64 = Debug|x64
		Debug|x86 = Debug|x86
		Release|Any CPU = Release|Any CPU
		Release|x64 = Release|x64
		Release|x86 = Release|x86
	EndGlobalSection
	GlobalSection(ProjectConfigurationPlatforms) = postSolution
		{8A956BE9-4720-4AB2-97D5-4EAF32CA3353}.Debug|Any CPU.ActiveCfg = Debug|Any CPU
		{8A956BE9-4720-4AB2-97D5-4EAF32CA3353}.Debug|Any CPU.Build.0 = Debug|Any CPU
		{8A956BE9-4720-4AB2-97D5-4EAF32CA3353}.Debug|x64.ActiveCfg = Debug|Any CPU
		{8A956BE9-4720-4AB2-97D5-4EAF32CA3353}.Debug|x64.Build.0 = Debug|Any CPU
		{8A956BE9-4720-4AB2-97D5-4EAF32CA3353}.Debug|x86.ActiveCfg = Debug|Any CPU
		{8A956BE9-4720-4AB2-97D5-4EAF32CA3353}.Debug|x86.Build.0 = Debug|Any CPU
		{8A956BE9-4720-4AB2-97D5-4EAF32CA3353}.Release|Any CPU.ActiveCfg = Release|Any CPU
		{8A956BE9-4720-4AB2-97D5-4EAF32CA3353}.Release|Any CPU.Build.0 = Release|Any CPU
		{8A956BE9-4720-4AB2-97D5-4EAF32CA3353}.Release|x64.ActiveCfg = Release|Any CPU
		{8A956BE9-4720-4AB2-97D5-4EAF32CA3353}.Release|x64.Build.0 = Release|Any CPU
		{8A956BE9-4720-4AB2-97D5-4EAF32CA3353}.Release|x86.ActiveCfg = Release|Any CPU
		{8A956BE9-4720-4AB2-97D5-4EAF32CA3353}.Release|x86.Build.0 = Release|Any CPU
		{D21DCC2C-6F5A-4391-8543-6BFAE6666B92}.Debug|Any CPU.ActiveCfg = Debug|Any CPU
		{D21DCC2C-6F5A-4391-8543-6BFAE6666B92}.Debug|Any CPU.Build.0 = Debug|Any CPU
		{D21DCC2C-6F5A-4391-8543-6BFAE6666B92}.Debug|x64.ActiveCfg = Debug|Any CPU
		{D21DCC2C-6F5A-4391-8543-6BFAE6666B92}.Debug|x64.Build.0 = Debug|Any CPU
		{D21DCC2C-6F5A-4391-8543-6BFAE6666B92}.Debug|x86.ActiveCfg = Debug|Any CPU
		{D21DCC2C-6F5A-4391-8543-6BFAE6666B92}.Debug|x86.Build.0 = Debug|Any CPU
		{D21DCC2C-6F5A-4391-8543-6BFAE6666B92}.Release|Any CPU.ActiveCfg = Release|Any CPU
		{D21DCC2C-6F5A-4391-8543-6BFAE6666B92}.Release|Any CPU.Build.0 = Release|Any CPU
		{D21DCC2C-6F5A-4391-8543-6BFAE6666B92}.Release|x64.ActiveCfg = Release|Any CPU
		{D21DCC2C-6F5A-4391-8543-6BFAE6666B92}.Release|x64.Build.0 = Release|Any CPU
		{D21DCC2C-6F5A-4391-8543-6BFAE6666B92}.Release|x86.ActiveCfg = Release|Any CPU
		{D21DCC2C-6F5A-4391-8543-6BFAE6666B92}.Release|x86.Build.0 = Release|Any CPU
		{793ABC7E-904F-486F-9185-3061A480F192}.Debug|Any CPU.ActiveCfg = Debug|Any CPU
		{793ABC7E-904F-486F-9185-3061A480F192}.Debug|Any CPU.Build.0 = Debug|Any CPU
		{793ABC7E-904F-486F-9185-3061A480F192}.Debug|x64.ActiveCfg = Debug|Any CPU
		{793ABC7E-904F-486F-9185-3061A480F192}.Debug|x64.Build.0 = Debug|Any CPU
		{793ABC7E-904F-486F-9185-3061A480F192}.Debug|x86.ActiveCfg = Debug|Any CPU
		{793ABC7E-904F-486F-9185-3061A480F192}.Debug|x86.Build.0 = Debug|Any CPU
		{793ABC7E-904F-486F-9185-3061A480F192}.Release|Any CPU.ActiveCfg = Release|Any CPU
		{793ABC7E-904F-486F-9185-3061A480F192}.Release|Any CPU.Build.0 = Release|Any CPU
		{793ABC7E-904F-486F-9185-3061A480F192}.Release|x64.ActiveCfg = Release|Any CPU
		{793ABC7E-904F-486F-9185-3061A480F192}.Release|x64.Build.0 = Release|Any CPU
		{793ABC7E-904F-486F-9185-3061A480F192}.Release|x86.ActiveCfg = Release|Any CPU
		{793ABC7E-904F-486F-9185-3061A480F192}.Release|x86.Build.0 = Release|Any CPU
		{B6317469-6D35-4360-ABA3-924E8C5E1210}.Debug|Any CPU.ActiveCfg = Debug|Any CPU
		{B6317469-6D35-4360-ABA3-924E8C5E1210}.Debug|Any CPU.Build.0 = Debug|Any CPU
		{B6317469-6D35-4360-ABA3-924E8C5E1210}.Debug|x64.ActiveCfg = Debug|Any CPU
		{B6317469-6D35-4360-ABA3-924E8C5E1210}.Debug|x64.Build.0 = Debug|Any CPU
		{B6317469-6D35-4360-ABA3-924E8C5E1210}.Debug|x86.ActiveCfg = Debug|Any CPU
		{B6317469-6D35-4360-ABA3-924E8C5E1210}.Debug|x86.Build.0 = Debug|Any CPU
		{B6317469-6D35-4360-ABA3-924E8C5E1210}.Release|Any CPU.ActiveCfg = Release|Any CPU
		{B6317469-6D35-4360-ABA3-924E8C5E1210}.Release|Any CPU.Build.0 = Release|Any CPU
		{B6317469-6D35-4360-ABA3-924E8C5E1210}.Release|x64.ActiveCfg = Release|Any CPU
		{B6317469-6D35-4360-ABA3-924E8C5E1210}.Release|x64.Build.0 = Release|Any CPU
		{B6317469-6D35-4360-ABA3-924E8C5E1210}.Release|x86.ActiveCfg = Release|Any CPU
		{B6317469-6D35-4360-ABA3-924E8C5E1210}.Release|x86.Build.0 = Release|Any CPU
		{5D8B6A0B-789B-47AE-943D-83665B0F6F16}.Debug|Any CPU.ActiveCfg = Debug|Any CPU
		{5D8B6A0B-789B-47AE-943D-83665B0F6F16}.Debug|Any CPU.Build.0 = Debug|Any CPU
		{5D8B6A0B-789B-47AE-943D-83665B0F6F16}.Debug|x64.ActiveCfg = Debug|Any CPU
		{5D8B6A0B-789B-47AE-943D-83665B0F6F16}.Debug|x64.Build.0 = Debug|Any CPU
		{5D8B6A0B-789B-47AE-943D-83665B0F6F16}.Debug|x86.ActiveCfg = Debug|Any CPU
		{5D8B6A0B-789B-47AE-943D-83665B0F6F16}.Debug|x86.Build.0 = Debug|Any CPU
		{5D8B6A0B-789B-47AE-943D-83665B0F6F16}.Release|Any CPU.ActiveCfg = Release|Any CPU
		{5D8B6A0B-789B-47AE-943D-83665B0F6F16}.Release|Any CPU.Build.0 = Release|Any CPU
		{5D8B6A0B-789B-47AE-943D-83665B0F6F16}.Release|x64.ActiveCfg = Release|Any CPU
		{5D8B6A0B-789B-47AE-943D-83665B0F6F16}.Release|x64.Build.0 = Release|Any CPU
		{5D8B6A0B-789B-47AE-943D-83665B0F6F16}.Release|x86.ActiveCfg = Release|Any CPU
		{5D8B6A0B-789B-47AE-943D-83665B0F6F16}.Release|x86.Build.0 = Release|Any CPU
		{4A9F6450-0785-4291-8E61-83CA82652CDA}.Debug|Any CPU.ActiveCfg = Debug|Any CPU
		{4A9F6450-0785-4291-8E61-83CA82652CDA}.Debug|Any CPU.Build.0 = Debug|Any CPU
		{4A9F6450-0785-4291-8E61-83CA82652CDA}.Debug|x64.ActiveCfg = Debug|Any CPU
		{4A9F6450-0785-4291-8E61-83CA82652CDA}.Debug|x64.Build.0 = Debug|Any CPU
		{4A9F6450-0785-4291-8E61-83CA82652CDA}.Debug|x86.ActiveCfg = Debug|Any CPU
		{4A9F6450-0785-4291-8E61-83CA82652CDA}.Debug|x86.Build.0 = Debug|Any CPU
		{4A9F6450-0785-4291-8E61-83CA82652CDA}.Release|Any CPU.ActiveCfg = Release|Any CPU
		{4A9F6450-0785-4291-8E61-83CA82652CDA}.Release|Any CPU.Build.0 = Release|Any CPU
		{4A9F6450-0785-4291-8E61-83CA82652CDA}.Release|x64.ActiveCfg = Release|Any CPU
		{4A9F6450-0785-4291-8E61-83CA82652CDA}.Release|x64.Build.0 = Release|Any CPU
		{4A9F6450-0785-4291-8E61-83CA82652CDA}.Release|x86.ActiveCfg = Release|Any CPU
		{4A9F6450-0785-4291-8E61-83CA82652CDA}.Release|x86.Build.0 = Release|Any CPU
		{2EA9EEF5-E297-4379-9964-A258F2EE2076}.Debug|Any CPU.ActiveCfg = Debug|Any CPU
		{2EA9EEF5-E297-4379-9964-A258F2EE2076}.Debug|Any CPU.Build.0 = Debug|Any CPU
		{2EA9EEF5-E297-4379-9964-A258F2EE2076}.Debug|x64.ActiveCfg = Debug|Any CPU
		{2EA9EEF5-E297-4379-9964-A258F2EE2076}.Debug|x64.Build.0 = Debug|Any CPU
		{2EA9EEF5-E297-4379-9964-A258F2EE2076}.Debug|x86.ActiveCfg = Debug|Any CPU
		{2EA9EEF5-E297-4379-9964-A258F2EE2076}.Debug|x86.Build.0 = Debug|Any CPU
		{2EA9EEF5-E297-4379-9964-A258F2EE2076}.Release|Any CPU.ActiveCfg = Release|Any CPU
		{2EA9EEF5-E297-4379-9964-A258F2EE2076}.Release|Any CPU.Build.0 = Release|Any CPU
		{2EA9EEF5-E297-4379-9964-A258F2EE2076}.Release|x64.ActiveCfg = Release|Any CPU
		{2EA9EEF5-E297-4379-9964-A258F2EE2076}.Release|x64.Build.0 = Release|Any CPU
		{2EA9EEF5-E297-4379-9964-A258F2EE2076}.Release|x86.ActiveCfg = Release|Any CPU
		{2EA9EEF5-E297-4379-9964-A258F2EE2076}.Release|x86.Build.0 = Release|Any CPU
		{F9BA9F33-0F57-4E06-975F-71A4C5C4BF9D}.Debug|Any CPU.ActiveCfg = Debug|Any CPU
		{F9BA9F33-0F57-4E06-975F-71A4C5C4BF9D}.Debug|Any CPU.Build.0 = Debug|Any CPU
		{F9BA9F33-0F57-4E06-975F-71A4C5C4BF9D}.Debug|x64.ActiveCfg = Debug|Any CPU
		{F9BA9F33-0F57-4E06-975F-71A4C5C4BF9D}.Debug|x64.Build.0 = Debug|Any CPU
		{F9BA9F33-0F57-4E06-975F-71A4C5C4BF9D}.Debug|x86.ActiveCfg = Debug|Any CPU
		{F9BA9F33-0F57-4E06-975F-71A4C5C4BF9D}.Debug|x86.Build.0 = Debug|Any CPU
		{F9BA9F33-0F57-4E06-975F-71A4C5C4BF9D}.Release|Any CPU.ActiveCfg = Release|Any CPU
		{F9BA9F33-0F57-4E06-975F-71A4C5C4BF9D}.Release|Any CPU.Build.0 = Release|Any CPU
		{F9BA9F33-0F57-4E06-975F-71A4C5C4BF9D}.Release|x64.ActiveCfg = Release|Any CPU
		{F9BA9F33-0F57-4E06-975F-71A4C5C4BF9D}.Release|x64.Build.0 = Release|Any CPU
		{F9BA9F33-0F57-4E06-975F-71A4C5C4BF9D}.Release|x86.ActiveCfg = Release|Any CPU
		{F9BA9F33-0F57-4E06-975F-71A4C5C4BF9D}.Release|x86.Build.0 = Release|Any CPU
		{92D196F3-DA33-4FAB-AE14-C2A9B3840BEA}.Debug|Any CPU.ActiveCfg = Debug|Any CPU
		{92D196F3-DA33-4FAB-AE14-C2A9B3840BEA}.Debug|Any CPU.Build.0 = Debug|Any CPU
		{92D196F3-DA33-4FAB-AE14-C2A9B3840BEA}.Debug|x64.ActiveCfg = Debug|Any CPU
		{92D196F3-DA33-4FAB-AE14-C2A9B3840BEA}.Debug|x64.Build.0 = Debug|Any CPU
		{92D196F3-DA33-4FAB-AE14-C2A9B3840BEA}.Debug|x86.ActiveCfg = Debug|Any CPU
		{92D196F3-DA33-4FAB-AE14-C2A9B3840BEA}.Debug|x86.Build.0 = Debug|Any CPU
		{92D196F3-DA33-4FAB-AE14-C2A9B3840BEA}.Release|Any CPU.ActiveCfg = Release|Any CPU
		{92D196F3-DA33-4FAB-AE14-C2A9B3840BEA}.Release|Any CPU.Build.0 = Release|Any CPU
		{92D196F3-DA33-4FAB-AE14-C2A9B3840BEA}.Release|x64.ActiveCfg = Release|Any CPU
		{92D196F3-DA33-4FAB-AE14-C2A9B3840BEA}.Release|x64.Build.0 = Release|Any CPU
		{92D196F3-DA33-4FAB-AE14-C2A9B3840BEA}.Release|x86.ActiveCfg = Release|Any CPU
		{92D196F3-DA33-4FAB-AE14-C2A9B3840BEA}.Release|x86.Build.0 = Release|Any CPU
		{F8DDC379-C8ED-492F-96A0-FC4F1B2A643C}.Debug|Any CPU.ActiveCfg = Debug|Any CPU
		{F8DDC379-C8ED-492F-96A0-FC4F1B2A643C}.Debug|Any CPU.Build.0 = Debug|Any CPU
		{F8DDC379-C8ED-492F-96A0-FC4F1B2A643C}.Debug|x64.ActiveCfg = Debug|Any CPU
		{F8DDC379-C8ED-492F-96A0-FC4F1B2A643C}.Debug|x64.Build.0 = Debug|Any CPU
		{F8DDC379-C8ED-492F-96A0-FC4F1B2A643C}.Debug|x86.ActiveCfg = Debug|Any CPU
		{F8DDC379-C8ED-492F-96A0-FC4F1B2A643C}.Debug|x86.Build.0 = Debug|Any CPU
		{F8DDC379-C8ED-492F-96A0-FC4F1B2A643C}.Release|Any CPU.ActiveCfg = Release|Any CPU
		{F8DDC379-C8ED-492F-96A0-FC4F1B2A643C}.Release|Any CPU.Build.0 = Release|Any CPU
		{F8DDC379-C8ED-492F-96A0-FC4F1B2A643C}.Release|x64.ActiveCfg = Release|Any CPU
		{F8DDC379-C8ED-492F-96A0-FC4F1B2A643C}.Release|x64.Build.0 = Release|Any CPU
		{F8DDC379-C8ED-492F-96A0-FC4F1B2A643C}.Release|x86.ActiveCfg = Release|Any CPU
		{F8DDC379-C8ED-492F-96A0-FC4F1B2A643C}.Release|x86.Build.0 = Release|Any CPU
	EndGlobalSection
	GlobalSection(SolutionProperties) = preSolution
		HideSolutionNode = FALSE
	EndGlobalSection
	GlobalSection(NestedProjects) = preSolution
		{8A956BE9-4720-4AB2-97D5-4EAF32CA3353} = {827E0CD3-B72D-47B6-A68D-7590B98EB39B}
		{D21DCC2C-6F5A-4391-8543-6BFAE6666B92} = {827E0CD3-B72D-47B6-A68D-7590B98EB39B}
		{793ABC7E-904F-486F-9185-3061A480F192} = {827E0CD3-B72D-47B6-A68D-7590B98EB39B}
		{B6317469-6D35-4360-ABA3-924E8C5E1210} = {827E0CD3-B72D-47B6-A68D-7590B98EB39B}
		{5D8B6A0B-789B-47AE-943D-83665B0F6F16} = {827E0CD3-B72D-47B6-A68D-7590B98EB39B}
		{4A9F6450-0785-4291-8E61-83CA82652CDA} = {827E0CD3-B72D-47B6-A68D-7590B98EB39B}
		{2EA9EEF5-E297-4379-9964-A258F2EE2076} = {0AB3BF05-4346-4AA6-1389-037BE0695223}
		{F9BA9F33-0F57-4E06-975F-71A4C5C4BF9D} = {0AB3BF05-4346-4AA6-1389-037BE0695223}
		{92D196F3-DA33-4FAB-AE14-C2A9B3840BEA} = {0AB3BF05-4346-4AA6-1389-037BE0695223}
		{F8DDC379-C8ED-492F-96A0-FC4F1B2A643C} = {0AB3BF05-4346-4AA6-1389-037BE0695223}
	EndGlobalSection
EndGlobal
